// !$*UTF8*$!
{
	archiveVersion = 1;
	classes = {
	};
	objectVersion = 54;
	objects = {

/* Begin PBXBuildFile section */
		0395BACFC72B02492A4DF657 /* AgeOnboardingView.swift in Sources */ = {isa = PBXBuildFile; fileRef = D550F55EECFCBE843A94F5C5 /* AgeOnboardingView.swift */; };
		0422A44A118BFA637351D1DD /* FirestoreSyncService+Deletion.swift in Sources */ = {isa = PBXBuildFile; fileRef = 138A37C6FF00ECD2365D3A16 /* FirestoreSyncService+Deletion.swift */; };
		076F289DFADAC265A890CD68 /* FirebaseAuth in Frameworks */ = {isa = PBXBuildFile; productRef = 988B2ADE2CBF691260A4CCDD /* FirebaseAuth */; };
		08A765BC7267755A279EB43D /* DDayModel.swift in Sources */ = {isa = PBXBuildFile; fileRef = 2FADF29E1B756D85F1379436 /* DDayModel.swift */; };
		09E55A2B66E47C6831D135FA /* FirestoreSyncService+Outbound.swift in Sources */ = {isa = PBXBuildFile; fileRef = 71546A9BD6F517AEF115567A /* FirestoreSyncService+Outbound.swift */; };
		0AC797DCDE16C41811865E06 /* RootView.swift in Sources */ = {isa = PBXBuildFile; fileRef = 9582CA213BE36829B6873972 /* RootView.swift */; };
		0BA75F2E93B8503906D4CA79 /* DailyPageModel.swift in Sources */ = {isa = PBXBuildFile; fileRef = 1861060885551FBDAC7502C1 /* DailyPageModel.swift */; };
		0DAE5828B34A2CD93B32BC82 /* HomeView.swift in Sources */ = {isa = PBXBuildFile; fileRef = 614E5641F035B1DCEEE45303 /* HomeView.swift */; };
		10573B629D22DC02C8AE9930 /* SubjectListView.swift in Sources */ = {isa = PBXBuildFile; fileRef = 426B15973DA1D3CD1D44B178 /* SubjectListView.swift */; };
		11DBBD20ADB0CC39831E18A6 /* FriendCode.swift in Sources */ = {isa = PBXBuildFile; fileRef = 93CDF5EFEA6B90A1B1410661 /* FriendCode.swift */; };
		16933583A8AEE869ADDDBB04 /* GroupChatView+Share.swift in Sources */ = {isa = PBXBuildFile; fileRef = 3034F8C95FA4500D1D6516B9 /* GroupChatView+Share.swift */; };
		18148ED458CDAFDCAFC21329 /* PlantModel.swift in Sources */ = {isa = PBXBuildFile; fileRef = 60D510AA50972A051EF91915 /* PlantModel.swift */; };
		19CE2F61F43C27D141522B51 /* DesignTokens.swift in Sources */ = {isa = PBXBuildFile; fileRef = 782393FF4B4AADAC6324920A /* DesignTokens.swift */; };
		1AC5F374B220E0466028A945 /* CallObserver.swift in Sources */ = {isa = PBXBuildFile; fileRef = B826376FACB4F4D61DDB3C5E /* CallObserver.swift */; };
		1D8E5351F227EA495F4F8B11 /* StudySessionModel.swift in Sources */ = {isa = PBXBuildFile; fileRef = 30289727427D1E37CF4654EC /* StudySessionModel.swift */; };
		2024197DF01D94977B1786D5 /* SceneGeometryObserver.swift in Sources */ = {isa = PBXBuildFile; fileRef = 4F6584BE421B0F169236469A /* SceneGeometryObserver.swift */; };
		21FCD00F57DAAF38A097BC0B /* HealthService.swift in Sources */ = {isa = PBXBuildFile; fileRef = 8789543815F4FA58FE88E2C4 /* HealthService.swift */; };
		246BED55E4DE7BC822FE97E2 /* TimerActivityAttributes.swift in Sources */ = {isa = PBXBuildFile; fileRef = C09AD417966740D6845B52DE /* TimerActivityAttributes.swift */; };
		2476A8816E710E6797A99118 /* PlantCanvasView+Creatures.swift in Sources */ = {isa = PBXBuildFile; fileRef = 0EF0610BD861FAFC7D0B8BAC /* PlantCanvasView+Creatures.swift */; };
		25152C1611B3A4D77D5FDB11 /* StudyWidgets.appex in Embed Foundation Extensions */ = {isa = PBXBuildFile; fileRef = 1952E11BDB17637A6BF8D1A7 /* StudyWidgets.appex */; settings = {ATTRIBUTES = (RemoveHeadersOnCopy, ); }; };
		263A346A24A20032E180C5BE /* GroupSheets.swift in Sources */ = {isa = PBXBuildFile; fileRef = 4191F54466FE819DA6C6F67C /* GroupSheets.swift */; };
		2A7D4052AB04274BDB9325E3 /* ProfanityFilter.swift in Sources */ = {isa = PBXBuildFile; fileRef = 1A7DD7B77974BACB0C08DAEB /* ProfanityFilter.swift */; };
		2D82D1AE813CF043C961EC96 /* DDayFormView.swift in Sources */ = {isa = PBXBuildFile; fileRef = 085A1D0777F0D8091CE2B54D /* DDayFormView.swift */; };
		3148953B1E546E46AD38AAAC /* SessionPersistence.swift in Sources */ = {isa = PBXBuildFile; fileRef = 7DA37E78CA6AE9E5347B9444 /* SessionPersistence.swift */; };
		31DDDF5CAA3FC459E4622226 /* StudyApp.swift in Sources */ = {isa = PBXBuildFile; fileRef = 7F54EF78F8D256D0E330D19F /* StudyApp.swift */; };
		3269788BDD6EAC0FDA2912AB /* RunningManager.swift in Sources */ = {isa = PBXBuildFile; fileRef = DC839B81015E086C7FE7891D /* RunningManager.swift */; };
		353F3CA2BBC58901B1E0FABD /* Assets.xcassets in Resources */ = {isa = PBXBuildFile; fileRef = 801E368A78D78F8667EBC730 /* Assets.xcassets */; };
		368FA520D58A5C19F480543E /* NotificationsService.swift in Sources */ = {isa = PBXBuildFile; fileRef = 5784131723110ADB54E27E31 /* NotificationsService.swift */; };
		3F0EBDB488B3C65612836BD7 /* WidgetDesign.swift in Sources */ = {isa = PBXBuildFile; fileRef = AAF8E4E83AFBA680F7719AD3 /* WidgetDesign.swift */; };
		408A7EBA207B87DFCDD3C6F2 /* DDayWidget.swift in Sources */ = {isa = PBXBuildFile; fileRef = CB6561D6346129E11BE7CBCD /* DDayWidget.swift */; };
		40C663158A896CE032AB75EC /* StudySchema.swift in Sources */ = {isa = PBXBuildFile; fileRef = AC8DCA8E34E3D7F1B232F7AF /* StudySchema.swift */; };
		42E2F45AB3AB43BBAB62EE22 /* FirebaseFirestore in Frameworks */ = {isa = PBXBuildFile; productRef = F5F53D337DD3D2223448A012 /* FirebaseFirestore */; };
		44460128A900F7AC724C4C03 /* AccountDeletionService.swift in Sources */ = {isa = PBXBuildFile; fileRef = 6508557B446D4860D5EB6AA3 /* AccountDeletionService.swift */; };
		47D33FBE8F357109FCC411CF /* TimerView.swift in Sources */ = {isa = PBXBuildFile; fileRef = D0ACA52C75CBBB0C7E519E4C /* TimerView.swift */; };
		49BD1DDFDB5D2442CBB3C13F /* PlantCanvasView.swift in Sources */ = {isa = PBXBuildFile; fileRef = 03F9D8744F41BB6656BC0548 /* PlantCanvasView.swift */; };
		4E648B3B22325E4718C7085B /* AppModelContainer.swift in Sources */ = {isa = PBXBuildFile; fileRef = CA6EB52CCDF33E604A1BE207 /* AppModelContainer.swift */; };
		4FE5E30A68C5E7189EF76C45 /* PrivacySettingsView.swift in Sources */ = {isa = PBXBuildFile; fileRef = DDD17EF30BCA0EC5CE81AD05 /* PrivacySettingsView.swift */; };
		5810C3FAB4D05D53831D2957 /* RunSessionModel.swift in Sources */ = {isa = PBXBuildFile; fileRef = 2F07E8929989A593D1DEE341 /* RunSessionModel.swift */; };
		5B88CF3582CC38752C3289FC /* PrivacyInfo.xcprivacy in Resources */ = {isa = PBXBuildFile; fileRef = C41576386CAB2E85C9DF56B2 /* PrivacyInfo.xcprivacy */; };
		5D7F16F5275F4B19ABAEC2BA /* TimerActivityAttributes.swift in Sources */ = {isa = PBXBuildFile; fileRef = C09AD417966740D6845B52DE /* TimerActivityAttributes.swift */; };
		5EE17FC699578F722345C216 /* TodayStudyTimeWidget.swift in Sources */ = {isa = PBXBuildFile; fileRef = C60EB6809EEE88D440E96CE5 /* TodayStudyTimeWidget.swift */; };
		6162EEEEF377533103D49E3D /* ScreenLockObserver.swift in Sources */ = {isa = PBXBuildFile; fileRef = 585BCE6319745655DD12B13E /* ScreenLockObserver.swift */; };
		62CD589E18359F8535481C4A /* GoogleSignIn in Frameworks */ = {isa = PBXBuildFile; productRef = 617A194778370487553915F8 /* GoogleSignIn */; };
		65A628F95718999EB2956AA4 /* GroupChatView+Bubble.swift in Sources */ = {isa = PBXBuildFile; fileRef = 470D2B4ED0035D082EB95CEE /* GroupChatView+Bubble.swift */; };
		66C66111E02DC56ECADA17DC /* RecoveryState.swift in Sources */ = {isa = PBXBuildFile; fileRef = 99AF65D90DF69A94C26AD30E /* RecoveryState.swift */; };
		68F4115CF03F755ECC15A050 /* DemoContentSeeder.swift in Sources */ = {isa = PBXBuildFile; fileRef = 47E19323D36D64065041036E /* DemoContentSeeder.swift */; };
		699CB234817BC6ED61628851 /* StatsService.swift in Sources */ = {isa = PBXBuildFile; fileRef = 200D94A1C489B02012E71159 /* StatsService.swift */; };
		6AA9E8F5F02630688A3CFAC4 /* GoogleService-Info.plist in Resources */ = {isa = PBXBuildFile; fileRef = E594176EAA467C3BD58FA040 /* GoogleService-Info.plist */; };
		6B8AB6D5C220ABF5B0350D83 /* PersistenceLog.swift in Sources */ = {isa = PBXBuildFile; fileRef = 5E9B993041BD78DE91126E23 /* PersistenceLog.swift */; };
		6F6F9EA30623EC4AE5E76B30 /* ChatInboxView.swift in Sources */ = {isa = PBXBuildFile; fileRef = EF24A6E67538E41DBE85F63A /* ChatInboxView.swift */; };
		7474706D2C2335FDF87BBC49 /* PomodoroSettingsSheet.swift in Sources */ = {isa = PBXBuildFile; fileRef = D1591F0ECCCEBA44DBC7E344 /* PomodoroSettingsSheet.swift */; };
		77DB3D024C4A8DD0AC36186E /* StatsView.swift in Sources */ = {isa = PBXBuildFile; fileRef = F67CC2357C2E68C659F03B20 /* StatsView.swift */; };
		7A4047821075C2621DA8D29E /* FirestoreSyncService.swift in Sources */ = {isa = PBXBuildFile; fileRef = B60B22CB1A5957915DAECD06 /* FirestoreSyncService.swift */; };
		7D83DAEB0A73F28479A5112B /* PlantProgressService.swift in Sources */ = {isa = PBXBuildFile; fileRef = 9BA68F7DEC5DEDA9D8559C8E /* PlantProgressService.swift */; };
		7E092F25704CE633603E2185 /* HapticFeedback.swift in Sources */ = {isa = PBXBuildFile; fileRef = 74A8C18872BCCEEF6AC9C864 /* HapticFeedback.swift */; };
		7F855323FCA5E33483F81AB2 /* RunSummarySheet.swift in Sources */ = {isa = PBXBuildFile; fileRef = 6421806FA804930F6CA1F946 /* RunSummarySheet.swift */; };
		849DF23DAF6B7C1520F809EC /* DailyPageView.swift in Sources */ = {isa = PBXBuildFile; fileRef = 9CBF95BFB4B6A66F59223123 /* DailyPageView.swift */; };
		8AE089FA3DE065A1C239EDAA /* PlantWidget.swift in Sources */ = {isa = PBXBuildFile; fileRef = 7E1D4CBDB645930E6ED090A2 /* PlantWidget.swift */; };
		8C56AF11E1D0745444CC14F3 /* FriendDetailView.swift in Sources */ = {isa = PBXBuildFile; fileRef = C91BB6E47D33892547ADA2DA /* FriendDetailView.swift */; };
		8FF0D76BB3013695CC1D05B1 /* TimerLiveActivity.swift in Sources */ = {isa = PBXBuildFile; fileRef = 4FE6E7F3E387DFA348992E53 /* TimerLiveActivity.swift */; };
		9034740953B8C34ADBD0DD62 /* PlannerBlockModel.swift in Sources */ = {isa = PBXBuildFile; fileRef = A977C8C21C74D0FAAB8AAA6A /* PlannerBlockModel.swift */; };
		919C59BD8EA07907D44FA9B5 /* PomodoroDialView.swift in Sources */ = {isa = PBXBuildFile; fileRef = A122B06DF96D2A8B71AEBEB7 /* PomodoroDialView.swift */; };
		93DFD677138AAFAEA7DBE99F /* ProfileHubView.swift in Sources */ = {isa = PBXBuildFile; fileRef = 260D674AAFFF2CF3DCEB3E0B /* ProfileHubView.swift */; };
		949247E60F06560B2B22B429 /* SocialService.swift in Sources */ = {isa = PBXBuildFile; fileRef = E6E1FC3B63835A7453AFDBCD /* SocialService.swift */; };
		99384460A3BA27D6F89D46EE /* AccountLinkView.swift in Sources */ = {isa = PBXBuildFile; fileRef = 907DE775437C794206913FC3 /* AccountLinkView.swift */; };
		9A0D255724830112E1225753 /* BlockGridView.swift in Sources */ = {isa = PBXBuildFile; fileRef = 7605047D26BD2E77FA07A0D2 /* BlockGridView.swift */; };
		9B5A2A2A300C9F6F0D0B85FA /* StudyCore in Frameworks */ = {isa = PBXBuildFile; productRef = 6DAF62821D9C62BE3277A3DE /* StudyCore */; };
		9D44B1B85AB5C12D2EE34D82 /* FriendsView.swift in Sources */ = {isa = PBXBuildFile; fileRef = 5B72F13D4C54A39B6230ECAF /* FriendsView.swift */; };
		9F7A27EB864084B763D67B76 /* SocialService+Groups.swift in Sources */ = {isa = PBXBuildFile; fileRef = 593CCD1432ECFA616B130FCD /* SocialService+Groups.swift */; };
		A0370FF28EC8020921D83A9E /* CloudKitService.swift in Sources */ = {isa = PBXBuildFile; fileRef = 6E1C18434973546CE94B2DD8 /* CloudKitService.swift */; };
		A0794AB312EB43CAAFC69B52 /* SubjectModel.swift in Sources */ = {isa = PBXBuildFile; fileRef = 375FD9FBD81F811E1B76298F /* SubjectModel.swift */; };
		A0A1FF064DC1DE3910BFEFEE /* PomodoroSettings.swift in Sources */ = {isa = PBXBuildFile; fileRef = E3617B563D6EF6AC1B695AA8 /* PomodoroSettings.swift */; };
		A8FDF15BE50928EA9F36A250 /* WidgetSyncService.swift in Sources */ = {isa = PBXBuildFile; fileRef = 580A5E4D540EDAE30396A1C2 /* WidgetSyncService.swift */; };
		A91BDCEA5EF4CED1C431B95F /* LiveActivityController.swift in Sources */ = {isa = PBXBuildFile; fileRef = 30BC36B799B5853DC4E73D37 /* LiveActivityController.swift */; };
		AA33D47FF07B302C6558FEC7 /* ServerMode.swift in Sources */ = {isa = PBXBuildFile; fileRef = 9FAF053FBD6C500BC8BCDEE6 /* ServerMode.swift */; };
		ABD52FDFA91BAF87267A6506 /* StreakService.swift in Sources */ = {isa = PBXBuildFile; fileRef = AF44A40AF56079B772ADE69B /* StreakService.swift */; };
		AC8CF67CB5B0EE729355D5CF /* PlantDetailView.swift in Sources */ = {isa = PBXBuildFile; fileRef = 02C9CAACD40165797545881B /* PlantDetailView.swift */; };
		AD1EF1DDCC35F37F047646E0 /* FocusModeView.swift in Sources */ = {isa = PBXBuildFile; fileRef = 385ACE8564387894FC0044EC /* FocusModeView.swift */; };
		AEF6E694083F8884B2FD745E /* BackgroundGuardAdapter.swift in Sources */ = {isa = PBXBuildFile; fileRef = B60FDB63C6B3A2D13B01EB14 /* BackgroundGuardAdapter.swift */; };
		AF65718D9F44EBF78F4A8900 /* PrivacyPreferences.swift in Sources */ = {isa = PBXBuildFile; fileRef = 4B56916153B305FE923155CF /* PrivacyPreferences.swift */; };
		B26765189882F0747135C250 /* RunningView.swift in Sources */ = {isa = PBXBuildFile; fileRef = B3E48E36D719EB7894AF2912 /* RunningView.swift */; };
		B64710D7B22CA98953DDE61F /* AuthBootstrap.swift in Sources */ = {isa = PBXBuildFile; fileRef = DE00260B859FD206C3A438CC /* AuthBootstrap.swift */; };
		B7B964AD425FEF0C60543948 /* AudioInterruptionObserver.swift in Sources */ = {isa = PBXBuildFile; fileRef = 839836EC63D584558664E13D /* AudioInterruptionObserver.swift */; };
		BC368D9B004375A1E7A48C62 /* FirestoreSyncService+Listeners.swift in Sources */ = {isa = PBXBuildFile; fileRef = 2B588FF18EC26BF6747EA98C /* FirestoreSyncService+Listeners.swift */; };
		BCCF1E044AC06293CBE0DBB0 /* GoogleSignInSwift in Frameworks */ = {isa = PBXBuildFile; productRef = B0E199BA53D7C73A3D3F0354 /* GoogleSignInSwift */; };
		BE78A5B1FA34B9E22C3595E2 /* StudyCore in Frameworks */ = {isa = PBXBuildFile; productRef = 636F2AF272444A51749AD789 /* StudyCore */; };
		C5C2D302E3EA1765CD0124AD /* GroupChatView.swift in Sources */ = {isa = PBXBuildFile; fileRef = 1FF0CE75C3F6C7E63CB2E635 /* GroupChatView.swift */; };
		C9A9726AD5D348CFC7F04121 /* AuthBootstrap+Apple.swift in Sources */ = {isa = PBXBuildFile; fileRef = 70C6C23C0EC41DA0938B4768 /* AuthBootstrap+Apple.swift */; };
		CA54BA75BB73E2B016004CC7 /* StudyWidgetsBundle.swift in Sources */ = {isa = PBXBuildFile; fileRef = 385DF70B92652C6650F390FB /* StudyWidgetsBundle.swift */; };
		CE4B5D0C5994D540ED09FAF4 /* DeleteAccountView.swift in Sources */ = {isa = PBXBuildFile; fileRef = 3D114598B4437A4A749226CB /* DeleteAccountView.swift */; };
		CEF2CC2686A6390D0F356E24 /* ChatMessageModel.swift in Sources */ = {isa = PBXBuildFile; fileRef = 0596BEA31E87A76D57A479EF /* ChatMessageModel.swift */; };
		D8C1267F723D0A2B51813E54 /* DDayListView.swift in Sources */ = {isa = PBXBuildFile; fileRef = 81610EBED5306928713AB35A /* DDayListView.swift */; };
		DB0261FBCB04D5A9CE17770A /* StudyGroupModel.swift in Sources */ = {isa = PBXBuildFile; fileRef = F41E6DED0CED2F63DA9205B8 /* StudyGroupModel.swift */; };
		DFB2661634411EB943146ACF /* FirestoreSyncService+Inbound.swift in Sources */ = {isa = PBXBuildFile; fileRef = 7E05A02D6A6098718BE5FEAF /* FirestoreSyncService+Inbound.swift */; };
		E3178E726D79D8858E5BB777 /* AppState.swift in Sources */ = {isa = PBXBuildFile; fileRef = 3CE05ADE95490B581BF0E81F /* AppState.swift */; };
		E952D1ACE6C7CB553DDD264E /* PrivacyInfo.xcprivacy in Resources */ = {isa = PBXBuildFile; fileRef = 9B0CC04CC021276F1089AE35 /* PrivacyInfo.xcprivacy */; };
		EB210488471E64673A210603 /* SocialService+Friends.swift in Sources */ = {isa = PBXBuildFile; fileRef = C887FE09965B4FC0D17B0BFA /* SocialService+Friends.swift */; };
		EB6E43E6D04B58C2D1FC4F6A /* FriendProfileModel.swift in Sources */ = {isa = PBXBuildFile; fileRef = 5218B21BDFE80AE71D65DD73 /* FriendProfileModel.swift */; };
		EFAE0F2974B57C400E17B145 /* FirestoreSyncService+OutboundSocial.swift in Sources */ = {isa = PBXBuildFile; fileRef = 09AA775DFFF61A6A39DCD190 /* FirestoreSyncService+OutboundSocial.swift */; };
		EFC0B21F768F6C5B27E03844 /* PlannerView.swift in Sources */ = {isa = PBXBuildFile; fileRef = 2657E9D3C62A120830B883E2 /* PlannerView.swift */; };
		F80BD91C3DA518927B6596F2 /* SocialService+Chat.swift in Sources */ = {isa = PBXBuildFile; fileRef = 4E2DDB0F70634E330916187F /* SocialService+Chat.swift */; };
		FADCD86D837AC4D8E1A49794 /* OfflineNoticeBanner.swift in Sources */ = {isa = PBXBuildFile; fileRef = 7DEC909F94090BE58B45749F /* OfflineNoticeBanner.swift */; };
		FD153A4657E65785C50691FC /* TimerStartHubView.swift in Sources */ = {isa = PBXBuildFile; fileRef = 4F6B71E1AB255F1F7D68B576 /* TimerStartHubView.swift */; };
/* End PBXBuildFile section */

/* Begin PBXContainerItemProxy section */
		96D108D25006B3EE704231FB /* PBXContainerItemProxy */ = {
			isa = PBXContainerItemProxy;
			containerPortal = D2D41D46A7D8F16092D8E382 /* Project object */;
			proxyType = 1;
			remoteGlobalIDString = 3F13F2B3A01850E953312923;
			remoteInfo = StudyWidgets;
		};
/* End PBXContainerItemProxy section */

/* Begin PBXCopyFilesBuildPhase section */
		1D64B12E1683DBB451CCF3B0 /* Embed Foundation Extensions */ = {
			isa = PBXCopyFilesBuildPhase;
			buildActionMask = 2147483647;
			dstPath = "";
			dstSubfolderSpec = 13;
			files = (
				25152C1611B3A4D77D5FDB11 /* StudyWidgets.appex in Embed Foundation Extensions */,
			);
			name = "Embed Foundation Extensions";
			runOnlyForDeploymentPostprocessing = 0;
		};
/* End PBXCopyFilesBuildPhase section */

/* Begin PBXFileReference section */
		02C9CAACD40165797545881B /* PlantDetailView.swift */ = {isa = PBXFileReference; lastKnownFileType = sourcecode.swift; path = PlantDetailView.swift; sourceTree = "<group>"; };
		03F9D8744F41BB6656BC0548 /* PlantCanvasView.swift */ = {isa = PBXFileReference; lastKnownFileType = sourcecode.swift; path = PlantCanvasView.swift; sourceTree = "<group>"; };
		0596BEA31E87A76D57A479EF /* ChatMessageModel.swift */ = {isa = PBXFileReference; lastKnownFileType = sourcecode.swift; path = ChatMessageModel.swift; sourceTree = "<group>"; };
		0749D30ACF6628AA066DBB9F /* StudyApp.app */ = {isa = PBXFileReference; includeInIndex = 0; lastKnownFileType = wrapper.application; path = StudyApp.app; sourceTree = BUILT_PRODUCTS_DIR; };
		085A1D0777F0D8091CE2B54D /* DDayFormView.swift */ = {isa = PBXFileReference; lastKnownFileType = sourcecode.swift; path = DDayFormView.swift; sourceTree = "<group>"; };
		09AA775DFFF61A6A39DCD190 /* FirestoreSyncService+OutboundSocial.swift */ = {isa = PBXFileReference; lastKnownFileType = sourcecode.swift; path = "FirestoreSyncService+OutboundSocial.swift"; sourceTree = "<group>"; };
		0EF0610BD861FAFC7D0B8BAC /* PlantCanvasView+Creatures.swift */ = {isa = PBXFileReference; lastKnownFileType = sourcecode.swift; path = "PlantCanvasView+Creatures.swift"; sourceTree = "<group>"; };
		138A37C6FF00ECD2365D3A16 /* FirestoreSyncService+Deletion.swift */ = {isa = PBXFileReference; lastKnownFileType = sourcecode.swift; path = "FirestoreSyncService+Deletion.swift"; sourceTree = "<group>"; };
		1861060885551FBDAC7502C1 /* DailyPageModel.swift */ = {isa = PBXFileReference; lastKnownFileType = sourcecode.swift; path = DailyPageModel.swift; sourceTree = "<group>"; };
		1952E11BDB17637A6BF8D1A7 /* StudyWidgets.appex */ = {isa = PBXFileReference; includeInIndex = 0; lastKnownFileType = "wrapper.app-extension"; path = StudyWidgets.appex; sourceTree = BUILT_PRODUCTS_DIR; };
		1A7DD7B77974BACB0C08DAEB /* ProfanityFilter.swift */ = {isa = PBXFileReference; lastKnownFileType = sourcecode.swift; path = ProfanityFilter.swift; sourceTree = "<group>"; };
		1FF0CE75C3F6C7E63CB2E635 /* GroupChatView.swift */ = {isa = PBXFileReference; lastKnownFileType = sourcecode.swift; path = GroupChatView.swift; sourceTree = "<group>"; };
		200D94A1C489B02012E71159 /* StatsService.swift */ = {isa = PBXFileReference; lastKnownFileType = sourcecode.swift; path = StatsService.swift; sourceTree = "<group>"; };
		260D674AAFFF2CF3DCEB3E0B /* ProfileHubView.swift */ = {isa = PBXFileReference; lastKnownFileType = sourcecode.swift; path = ProfileHubView.swift; sourceTree = "<group>"; };
		2657E9D3C62A120830B883E2 /* PlannerView.swift */ = {isa = PBXFileReference; lastKnownFileType = sourcecode.swift; path = PlannerView.swift; sourceTree = "<group>"; };
		2B588FF18EC26BF6747EA98C /* FirestoreSyncService+Listeners.swift */ = {isa = PBXFileReference; lastKnownFileType = sourcecode.swift; path = "FirestoreSyncService+Listeners.swift"; sourceTree = "<group>"; };
		2F07E8929989A593D1DEE341 /* RunSessionModel.swift */ = {isa = PBXFileReference; lastKnownFileType = sourcecode.swift; path = RunSessionModel.swift; sourceTree = "<group>"; };
		2FADF29E1B756D85F1379436 /* DDayModel.swift */ = {isa = PBXFileReference; lastKnownFileType = sourcecode.swift; path = DDayModel.swift; sourceTree = "<group>"; };
		30289727427D1E37CF4654EC /* StudySessionModel.swift */ = {isa = PBXFileReference; lastKnownFileType = sourcecode.swift; path = StudySessionModel.swift; sourceTree = "<group>"; };
		3034F8C95FA4500D1D6516B9 /* GroupChatView+Share.swift */ = {isa = PBXFileReference; lastKnownFileType = sourcecode.swift; path = "GroupChatView+Share.swift"; sourceTree = "<group>"; };
		30BC36B799B5853DC4E73D37 /* LiveActivityController.swift */ = {isa = PBXFileReference; lastKnownFileType = sourcecode.swift; path = LiveActivityController.swift; sourceTree = "<group>"; };
		375FD9FBD81F811E1B76298F /* SubjectModel.swift */ = {isa = PBXFileReference; lastKnownFileType = sourcecode.swift; path = SubjectModel.swift; sourceTree = "<group>"; };
		385ACE8564387894FC0044EC /* FocusModeView.swift */ = {isa = PBXFileReference; lastKnownFileType = sourcecode.swift; path = FocusModeView.swift; sourceTree = "<group>"; };
		385DF70B92652C6650F390FB /* StudyWidgetsBundle.swift */ = {isa = PBXFileReference; lastKnownFileType = sourcecode.swift; path = StudyWidgetsBundle.swift; sourceTree = "<group>"; };
		3CE05ADE95490B581BF0E81F /* AppState.swift */ = {isa = PBXFileReference; lastKnownFileType = sourcecode.swift; path = AppState.swift; sourceTree = "<group>"; };
		3D114598B4437A4A749226CB /* DeleteAccountView.swift */ = {isa = PBXFileReference; lastKnownFileType = sourcecode.swift; path = DeleteAccountView.swift; sourceTree = "<group>"; };
		4191F54466FE819DA6C6F67C /* GroupSheets.swift */ = {isa = PBXFileReference; lastKnownFileType = sourcecode.swift; path = GroupSheets.swift; sourceTree = "<group>"; };
		426B15973DA1D3CD1D44B178 /* SubjectListView.swift */ = {isa = PBXFileReference; lastKnownFileType = sourcecode.swift; path = SubjectListView.swift; sourceTree = "<group>"; };
		470D2B4ED0035D082EB95CEE /* GroupChatView+Bubble.swift */ = {isa = PBXFileReference; lastKnownFileType = sourcecode.swift; path = "GroupChatView+Bubble.swift"; sourceTree = "<group>"; };
		47E19323D36D64065041036E /* DemoContentSeeder.swift */ = {isa = PBXFileReference; lastKnownFileType = sourcecode.swift; path = DemoContentSeeder.swift; sourceTree = "<group>"; };
		4B56916153B305FE923155CF /* PrivacyPreferences.swift */ = {isa = PBXFileReference; lastKnownFileType = sourcecode.swift; path = PrivacyPreferences.swift; sourceTree = "<group>"; };
		4E2DDB0F70634E330916187F /* SocialService+Chat.swift */ = {isa = PBXFileReference; lastKnownFileType = sourcecode.swift; path = "SocialService+Chat.swift"; sourceTree = "<group>"; };
		4F6584BE421B0F169236469A /* SceneGeometryObserver.swift */ = {isa = PBXFileReference; lastKnownFileType = sourcecode.swift; path = SceneGeometryObserver.swift; sourceTree = "<group>"; };
		4F6B71E1AB255F1F7D68B576 /* TimerStartHubView.swift */ = {isa = PBXFileReference; lastKnownFileType = sourcecode.swift; path = TimerStartHubView.swift; sourceTree = "<group>"; };
		4FE6E7F3E387DFA348992E53 /* TimerLiveActivity.swift */ = {isa = PBXFileReference; lastKnownFileType = sourcecode.swift; path = TimerLiveActivity.swift; sourceTree = "<group>"; };
		5218B21BDFE80AE71D65DD73 /* FriendProfileModel.swift */ = {isa = PBXFileReference; lastKnownFileType = sourcecode.swift; path = FriendProfileModel.swift; sourceTree = "<group>"; };
		5784131723110ADB54E27E31 /* NotificationsService.swift */ = {isa = PBXFileReference; lastKnownFileType = sourcecode.swift; path = NotificationsService.swift; sourceTree = "<group>"; };
		580A5E4D540EDAE30396A1C2 /* WidgetSyncService.swift */ = {isa = PBXFileReference; lastKnownFileType = sourcecode.swift; path = WidgetSyncService.swift; sourceTree = "<group>"; };
		585BCE6319745655DD12B13E /* ScreenLockObserver.swift */ = {isa = PBXFileReference; lastKnownFileType = sourcecode.swift; path = ScreenLockObserver.swift; sourceTree = "<group>"; };
		593CCD1432ECFA616B130FCD /* SocialService+Groups.swift */ = {isa = PBXFileReference; lastKnownFileType = sourcecode.swift; path = "SocialService+Groups.swift"; sourceTree = "<group>"; };
		5B72F13D4C54A39B6230ECAF /* FriendsView.swift */ = {isa = PBXFileReference; lastKnownFileType = sourcecode.swift; path = FriendsView.swift; sourceTree = "<group>"; };
		5E9B993041BD78DE91126E23 /* PersistenceLog.swift */ = {isa = PBXFileReference; lastKnownFileType = sourcecode.swift; path = PersistenceLog.swift; sourceTree = "<group>"; };
		60D510AA50972A051EF91915 /* PlantModel.swift */ = {isa = PBXFileReference; lastKnownFileType = sourcecode.swift; path = PlantModel.swift; sourceTree = "<group>"; };
		614E5641F035B1DCEEE45303 /* HomeView.swift */ = {isa = PBXFileReference; lastKnownFileType = sourcecode.swift; path = HomeView.swift; sourceTree = "<group>"; };
		6421806FA804930F6CA1F946 /* RunSummarySheet.swift */ = {isa = PBXFileReference; lastKnownFileType = sourcecode.swift; path = RunSummarySheet.swift; sourceTree = "<group>"; };
		6508557B446D4860D5EB6AA3 /* AccountDeletionService.swift */ = {isa = PBXFileReference; lastKnownFileType = sourcecode.swift; path = AccountDeletionService.swift; sourceTree = "<group>"; };
		6E1C18434973546CE94B2DD8 /* CloudKitService.swift */ = {isa = PBXFileReference; lastKnownFileType = sourcecode.swift; path = CloudKitService.swift; sourceTree = "<group>"; };
		6FF22A55A31F513EF87BD3A7 /* StudyCore */ = {isa = PBXFileReference; lastKnownFileType = folder; name = StudyCore; path = StudyCore; sourceTree = SOURCE_ROOT; };
		70C6C23C0EC41DA0938B4768 /* AuthBootstrap+Apple.swift */ = {isa = PBXFileReference; lastKnownFileType = sourcecode.swift; path = "AuthBootstrap+Apple.swift"; sourceTree = "<group>"; };
		71546A9BD6F517AEF115567A /* FirestoreSyncService+Outbound.swift */ = {isa = PBXFileReference; lastKnownFileType = sourcecode.swift; path = "FirestoreSyncService+Outbound.swift"; sourceTree = "<group>"; };
		74A8C18872BCCEEF6AC9C864 /* HapticFeedback.swift */ = {isa = PBXFileReference; lastKnownFileType = sourcecode.swift; path = HapticFeedback.swift; sourceTree = "<group>"; };
		7605047D26BD2E77FA07A0D2 /* BlockGridView.swift */ = {isa = PBXFileReference; lastKnownFileType = sourcecode.swift; path = BlockGridView.swift; sourceTree = "<group>"; };
		782393FF4B4AADAC6324920A /* DesignTokens.swift */ = {isa = PBXFileReference; lastKnownFileType = sourcecode.swift; path = DesignTokens.swift; sourceTree = "<group>"; };
		7DA37E78CA6AE9E5347B9444 /* SessionPersistence.swift */ = {isa = PBXFileReference; lastKnownFileType = sourcecode.swift; path = SessionPersistence.swift; sourceTree = "<group>"; };
		7DEC909F94090BE58B45749F /* OfflineNoticeBanner.swift */ = {isa = PBXFileReference; lastKnownFileType = sourcecode.swift; path = OfflineNoticeBanner.swift; sourceTree = "<group>"; };
		7E05A02D6A6098718BE5FEAF /* FirestoreSyncService+Inbound.swift */ = {isa = PBXFileReference; lastKnownFileType = sourcecode.swift; path = "FirestoreSyncService+Inbound.swift"; sourceTree = "<group>"; };
		7E1D4CBDB645930E6ED090A2 /* PlantWidget.swift */ = {isa = PBXFileReference; lastKnownFileType = sourcecode.swift; path = PlantWidget.swift; sourceTree = "<group>"; };
		7F54EF78F8D256D0E330D19F /* StudyApp.swift */ = {isa = PBXFileReference; lastKnownFileType = sourcecode.swift; path = StudyApp.swift; sourceTree = "<group>"; };
		801E368A78D78F8667EBC730 /* Assets.xcassets */ = {isa = PBXFileReference; lastKnownFileType = folder.assetcatalog; path = Assets.xcassets; sourceTree = "<group>"; };
		81610EBED5306928713AB35A /* DDayListView.swift */ = {isa = PBXFileReference; lastKnownFileType = sourcecode.swift; path = DDayListView.swift; sourceTree = "<group>"; };
		839836EC63D584558664E13D /* AudioInterruptionObserver.swift */ = {isa = PBXFileReference; lastKnownFileType = sourcecode.swift; path = AudioInterruptionObserver.swift; sourceTree = "<group>"; };
		8789543815F4FA58FE88E2C4 /* HealthService.swift */ = {isa = PBXFileReference; lastKnownFileType = sourcecode.swift; path = HealthService.swift; sourceTree = "<group>"; };
		907DE775437C794206913FC3 /* AccountLinkView.swift */ = {isa = PBXFileReference; lastKnownFileType = sourcecode.swift; path = AccountLinkView.swift; sourceTree = "<group>"; };
		93CDF5EFEA6B90A1B1410661 /* FriendCode.swift */ = {isa = PBXFileReference; lastKnownFileType = sourcecode.swift; path = FriendCode.swift; sourceTree = "<group>"; };
		9582CA213BE36829B6873972 /* RootView.swift */ = {isa = PBXFileReference; lastKnownFileType = sourcecode.swift; path = RootView.swift; sourceTree = "<group>"; };
		99AF65D90DF69A94C26AD30E /* RecoveryState.swift */ = {isa = PBXFileReference; lastKnownFileType = sourcecode.swift; path = RecoveryState.swift; sourceTree = "<group>"; };
		9B0CC04CC021276F1089AE35 /* PrivacyInfo.xcprivacy */ = {isa = PBXFileReference; path = PrivacyInfo.xcprivacy; sourceTree = "<group>"; };
		9BA68F7DEC5DEDA9D8559C8E /* PlantProgressService.swift */ = {isa = PBXFileReference; lastKnownFileType = sourcecode.swift; path = PlantProgressService.swift; sourceTree = "<group>"; };
		9CBF95BFB4B6A66F59223123 /* DailyPageView.swift */ = {isa = PBXFileReference; lastKnownFileType = sourcecode.swift; path = DailyPageView.swift; sourceTree = "<group>"; };
		9FAF053FBD6C500BC8BCDEE6 /* ServerMode.swift */ = {isa = PBXFileReference; lastKnownFileType = sourcecode.swift; path = ServerMode.swift; sourceTree = "<group>"; };
		A122B06DF96D2A8B71AEBEB7 /* PomodoroDialView.swift */ = {isa = PBXFileReference; lastKnownFileType = sourcecode.swift; path = PomodoroDialView.swift; sourceTree = "<group>"; };
		A977C8C21C74D0FAAB8AAA6A /* PlannerBlockModel.swift */ = {isa = PBXFileReference; lastKnownFileType = sourcecode.swift; path = PlannerBlockModel.swift; sourceTree = "<group>"; };
		AAF8E4E83AFBA680F7719AD3 /* WidgetDesign.swift */ = {isa = PBXFileReference; lastKnownFileType = sourcecode.swift; path = WidgetDesign.swift; sourceTree = "<group>"; };
		AC8DCA8E34E3D7F1B232F7AF /* StudySchema.swift */ = {isa = PBXFileReference; lastKnownFileType = sourcecode.swift; path = StudySchema.swift; sourceTree = "<group>"; };
		AF44A40AF56079B772ADE69B /* StreakService.swift */ = {isa = PBXFileReference; lastKnownFileType = sourcecode.swift; path = StreakService.swift; sourceTree = "<group>"; };
		B3E48E36D719EB7894AF2912 /* RunningView.swift */ = {isa = PBXFileReference; lastKnownFileType = sourcecode.swift; path = RunningView.swift; sourceTree = "<group>"; };
		B60B22CB1A5957915DAECD06 /* FirestoreSyncService.swift */ = {isa = PBXFileReference; lastKnownFileType = sourcecode.swift; path = FirestoreSyncService.swift; sourceTree = "<group>"; };
		B60FDB63C6B3A2D13B01EB14 /* BackgroundGuardAdapter.swift */ = {isa = PBXFileReference; lastKnownFileType = sourcecode.swift; path = BackgroundGuardAdapter.swift; sourceTree = "<group>"; };
		B826376FACB4F4D61DDB3C5E /* CallObserver.swift */ = {isa = PBXFileReference; lastKnownFileType = sourcecode.swift; path = CallObserver.swift; sourceTree = "<group>"; };
		C09AD417966740D6845B52DE /* TimerActivityAttributes.swift */ = {isa = PBXFileReference; lastKnownFileType = sourcecode.swift; path = TimerActivityAttributes.swift; sourceTree = "<group>"; };
		C41576386CAB2E85C9DF56B2 /* PrivacyInfo.xcprivacy */ = {isa = PBXFileReference; path = PrivacyInfo.xcprivacy; sourceTree = "<group>"; };
		C60EB6809EEE88D440E96CE5 /* TodayStudyTimeWidget.swift */ = {isa = PBXFileReference; lastKnownFileType = sourcecode.swift; path = TodayStudyTimeWidget.swift; sourceTree = "<group>"; };
		C887FE09965B4FC0D17B0BFA /* SocialService+Friends.swift */ = {isa = PBXFileReference; lastKnownFileType = sourcecode.swift; path = "SocialService+Friends.swift"; sourceTree = "<group>"; };
		C91BB6E47D33892547ADA2DA /* FriendDetailView.swift */ = {isa = PBXFileReference; lastKnownFileType = sourcecode.swift; path = FriendDetailView.swift; sourceTree = "<group>"; };
		CA6EB52CCDF33E604A1BE207 /* AppModelContainer.swift */ = {isa = PBXFileReference; lastKnownFileType = sourcecode.swift; path = AppModelContainer.swift; sourceTree = "<group>"; };
		CB6561D6346129E11BE7CBCD /* DDayWidget.swift */ = {isa = PBXFileReference; lastKnownFileType = sourcecode.swift; path = DDayWidget.swift; sourceTree = "<group>"; };
		D0ACA52C75CBBB0C7E519E4C /* TimerView.swift */ = {isa = PBXFileReference; lastKnownFileType = sourcecode.swift; path = TimerView.swift; sourceTree = "<group>"; };
		D1591F0ECCCEBA44DBC7E344 /* PomodoroSettingsSheet.swift */ = {isa = PBXFileReference; lastKnownFileType = sourcecode.swift; path = PomodoroSettingsSheet.swift; sourceTree = "<group>"; };
		D550F55EECFCBE843A94F5C5 /* AgeOnboardingView.swift */ = {isa = PBXFileReference; lastKnownFileType = sourcecode.swift; path = AgeOnboardingView.swift; sourceTree = "<group>"; };
		DC839B81015E086C7FE7891D /* RunningManager.swift */ = {isa = PBXFileReference; lastKnownFileType = sourcecode.swift; path = RunningManager.swift; sourceTree = "<group>"; };
		DDD17EF30BCA0EC5CE81AD05 /* PrivacySettingsView.swift */ = {isa = PBXFileReference; lastKnownFileType = sourcecode.swift; path = PrivacySettingsView.swift; sourceTree = "<group>"; };
		DE00260B859FD206C3A438CC /* AuthBootstrap.swift */ = {isa = PBXFileReference; lastKnownFileType = sourcecode.swift; path = AuthBootstrap.swift; sourceTree = "<group>"; };
		E3617B563D6EF6AC1B695AA8 /* PomodoroSettings.swift */ = {isa = PBXFileReference; lastKnownFileType = sourcecode.swift; path = PomodoroSettings.swift; sourceTree = "<group>"; };
		E594176EAA467C3BD58FA040 /* GoogleService-Info.plist */ = {isa = PBXFileReference; lastKnownFileType = text.plist; path = "GoogleService-Info.plist"; sourceTree = "<group>"; };
		E6E1FC3B63835A7453AFDBCD /* SocialService.swift */ = {isa = PBXFileReference; lastKnownFileType = sourcecode.swift; path = SocialService.swift; sourceTree = "<group>"; };
		EF24A6E67538E41DBE85F63A /* ChatInboxView.swift */ = {isa = PBXFileReference; lastKnownFileType = sourcecode.swift; path = ChatInboxView.swift; sourceTree = "<group>"; };
		F41E6DED0CED2F63DA9205B8 /* StudyGroupModel.swift */ = {isa = PBXFileReference; lastKnownFileType = sourcecode.swift; path = StudyGroupModel.swift; sourceTree = "<group>"; };
		F67CC2357C2E68C659F03B20 /* StatsView.swift */ = {isa = PBXFileReference; lastKnownFileType = sourcecode.swift; path = StatsView.swift; sourceTree = "<group>"; };
/* End PBXFileReference section */

/* Begin PBXFrameworksBuildPhase section */
		736C67B16EE394017324BBE7 /* Frameworks */ = {
			isa = PBXFrameworksBuildPhase;
			buildActionMask = 2147483647;
			files = (
				9B5A2A2A300C9F6F0D0B85FA /* StudyCore in Frameworks */,
				076F289DFADAC265A890CD68 /* FirebaseAuth in Frameworks */,
				42E2F45AB3AB43BBAB62EE22 /* FirebaseFirestore in Frameworks */,
				62CD589E18359F8535481C4A /* GoogleSignIn in Frameworks */,
				BCCF1E044AC06293CBE0DBB0 /* GoogleSignInSwift in Frameworks */,
			);
			runOnlyForDeploymentPostprocessing = 0;
		};
		D20C213A09877B157F9EB0A7 /* Frameworks */ = {
			isa = PBXFrameworksBuildPhase;
			buildActionMask = 2147483647;
			files = (
				BE78A5B1FA34B9E22C3595E2 /* StudyCore in Frameworks */,
			);
			runOnlyForDeploymentPostprocessing = 0;
		};
/* End PBXFrameworksBuildPhase section */

/* Begin PBXGroup section */
		18B809186DC3DAE8786F11D4 /* Groups */ = {
			isa = PBXGroup;
			children = (
				1FF0CE75C3F6C7E63CB2E635 /* GroupChatView.swift */,
				470D2B4ED0035D082EB95CEE /* GroupChatView+Bubble.swift */,
				3034F8C95FA4500D1D6516B9 /* GroupChatView+Share.swift */,
				4191F54466FE819DA6C6F67C /* GroupSheets.swift */,
			);
			path = Groups;
			sourceTree = "<group>";
		};
		320363FF1350C8D943B9103F /* Design */ = {
			isa = PBXGroup;
			children = (
				782393FF4B4AADAC6324920A /* DesignTokens.swift */,
			);
			path = Design;
			sourceTree = "<group>";
		};
		3289177876A4EC95D942CEFC /* Persistence */ = {
			isa = PBXGroup;
			children = (
				CA6EB52CCDF33E604A1BE207 /* AppModelContainer.swift */,
				5E9B993041BD78DE91126E23 /* PersistenceLog.swift */,
				9BA68F7DEC5DEDA9D8559C8E /* PlantProgressService.swift */,
				99AF65D90DF69A94C26AD30E /* RecoveryState.swift */,
				7DA37E78CA6AE9E5347B9444 /* SessionPersistence.swift */,
				AF44A40AF56079B772ADE69B /* StreakService.swift */,
				AC8DCA8E34E3D7F1B232F7AF /* StudySchema.swift */,
				580A5E4D540EDAE30396A1C2 /* WidgetSyncService.swift */,
			);
			path = Persistence;
			sourceTree = "<group>";
		};
		33D15C2FADA81CE365004FC7 /* StudyApp */ = {
			isa = PBXGroup;
			children = (
				801E368A78D78F8667EBC730 /* Assets.xcassets */,
				E594176EAA467C3BD58FA040 /* GoogleService-Info.plist */,
				C41576386CAB2E85C9DF56B2 /* PrivacyInfo.xcprivacy */,
				B0A93EDA1374501382D8D19D /* App */,
				5D0C79FD3FDB34D90DD087B2 /* Background */,
				434164B0512923EAE6121CBD /* CloudKit */,
				320363FF1350C8D943B9103F /* Design */,
				448ECE15C50A5017D2B04DF7 /* Features */,
				B36F92627CA509718DFB862C /* Health */,
				F3292E9FD15536B186A0C879 /* Models */,
				98296C9EEAC17980D3240EF8 /* Notifications */,
				3289177876A4EC95D942CEFC /* Persistence */,
				FBF0F71EF1042AA473C328D2 /* Social */,
			);
			path = StudyApp;
			sourceTree = "<group>";
		};
		3850D4730E1CCC8D83EA67AC /* Stats */ = {
			isa = PBXGroup;
			children = (
				200D94A1C489B02012E71159 /* StatsService.swift */,
				F67CC2357C2E68C659F03B20 /* StatsView.swift */,
			);
			path = Stats;
			sourceTree = "<group>";
		};
		3B61BC5A9DC7C68C29DE9C1A /* Settings */ = {
			isa = PBXGroup;
			children = (
				907DE775437C794206913FC3 /* AccountLinkView.swift */,
				3D114598B4437A4A749226CB /* DeleteAccountView.swift */,
				7DEC909F94090BE58B45749F /* OfflineNoticeBanner.swift */,
				DDD17EF30BCA0EC5CE81AD05 /* PrivacySettingsView.swift */,
				260D674AAFFF2CF3DCEB3E0B /* ProfileHubView.swift */,
			);
			path = Settings;
			sourceTree = "<group>";
		};
		434164B0512923EAE6121CBD /* CloudKit */ = {
			isa = PBXGroup;
			children = (
				6E1C18434973546CE94B2DD8 /* CloudKitService.swift */,
			);
			path = CloudKit;
			sourceTree = "<group>";
		};
		448ECE15C50A5017D2B04DF7 /* Features */ = {
			isa = PBXGroup;
			children = (
				8A0B41E5C4A06CF7781812AB /* Chat */,
				5F34880421119BCD25842B74 /* DDay */,
				5BAD530AA4CDB28F7977C9C3 /* Friends */,
				18B809186DC3DAE8786F11D4 /* Groups */,
				C65C906C79B56CC5788776A6 /* Home */,
				C223999B8115F2F649B3824E /* Onboarding */,
				59E14F2DFC4080FDB9F3F880 /* Planner */,
				AF46149BD9D8914B8772BEC9 /* Plant */,
				DE9B2F4533EB4924B22BA7C7 /* Running */,
				3B61BC5A9DC7C68C29DE9C1A /* Settings */,
				3850D4730E1CCC8D83EA67AC /* Stats */,
				5FAF76ACB5966B8C2CCE2704 /* Subject */,
				97A0C8005AB702648E2189A3 /* Timer */,
			);
			path = Features;
			sourceTree = "<group>";
		};
		59E14F2DFC4080FDB9F3F880 /* Planner */ = {
			isa = PBXGroup;
			children = (
				7605047D26BD2E77FA07A0D2 /* BlockGridView.swift */,
				9CBF95BFB4B6A66F59223123 /* DailyPageView.swift */,
				2657E9D3C62A120830B883E2 /* PlannerView.swift */,
			);
			path = Planner;
			sourceTree = "<group>";
		};
		5A9D18599EE089557C535849 /* Shared */ = {
			isa = PBXGroup;
			children = (
				C09AD417966740D6845B52DE /* TimerActivityAttributes.swift */,
			);
			path = Shared;
			sourceTree = "<group>";
		};
		5BAD530AA4CDB28F7977C9C3 /* Friends */ = {
			isa = PBXGroup;
			children = (
				C91BB6E47D33892547ADA2DA /* FriendDetailView.swift */,
				5B72F13D4C54A39B6230ECAF /* FriendsView.swift */,
			);
			path = Friends;
			sourceTree = "<group>";
		};
		5D0C79FD3FDB34D90DD087B2 /* Background */ = {
			isa = PBXGroup;
			children = (
				839836EC63D584558664E13D /* AudioInterruptionObserver.swift */,
				B60FDB63C6B3A2D13B01EB14 /* BackgroundGuardAdapter.swift */,
				B826376FACB4F4D61DDB3C5E /* CallObserver.swift */,
				4F6584BE421B0F169236469A /* SceneGeometryObserver.swift */,
				585BCE6319745655DD12B13E /* ScreenLockObserver.swift */,
			);
			path = Background;
			sourceTree = "<group>";
		};
		5F34880421119BCD25842B74 /* DDay */ = {
			isa = PBXGroup;
			children = (
				085A1D0777F0D8091CE2B54D /* DDayFormView.swift */,
				81610EBED5306928713AB35A /* DDayListView.swift */,
			);
			path = DDay;
			sourceTree = "<group>";
		};
		5FAF76ACB5966B8C2CCE2704 /* Subject */ = {
			isa = PBXGroup;
			children = (
				426B15973DA1D3CD1D44B178 /* SubjectListView.swift */,
			);
			path = Subject;
			sourceTree = "<group>";
		};
		6725B1537C10B7AD70375B3A /* Products */ = {
			isa = PBXGroup;
			children = (
				0749D30ACF6628AA066DBB9F /* StudyApp.app */,
				1952E11BDB17637A6BF8D1A7 /* StudyWidgets.appex */,
			);
			name = Products;
			sourceTree = "<group>";
		};
		7301F8F077B51E0B23AC8D49 /* Packages */ = {
			isa = PBXGroup;
			children = (
				6FF22A55A31F513EF87BD3A7 /* StudyCore */,
			);
			name = Packages;
			sourceTree = "<group>";
		};
		8A0B41E5C4A06CF7781812AB /* Chat */ = {
			isa = PBXGroup;
			children = (
				EF24A6E67538E41DBE85F63A /* ChatInboxView.swift */,
			);
			path = Chat;
			sourceTree = "<group>";
		};
		97A0C8005AB702648E2189A3 /* Timer */ = {
			isa = PBXGroup;
			children = (
				385ACE8564387894FC0044EC /* FocusModeView.swift */,
				A122B06DF96D2A8B71AEBEB7 /* PomodoroDialView.swift */,
				D1591F0ECCCEBA44DBC7E344 /* PomodoroSettingsSheet.swift */,
				4F6B71E1AB255F1F7D68B576 /* TimerStartHubView.swift */,
				D0ACA52C75CBBB0C7E519E4C /* TimerView.swift */,
			);
			path = Timer;
			sourceTree = "<group>";
		};
		98296C9EEAC17980D3240EF8 /* Notifications */ = {
			isa = PBXGroup;
			children = (
				74A8C18872BCCEEF6AC9C864 /* HapticFeedback.swift */,
				5784131723110ADB54E27E31 /* NotificationsService.swift */,
			);
			path = Notifications;
			sourceTree = "<group>";
		};
		AF46149BD9D8914B8772BEC9 /* Plant */ = {
			isa = PBXGroup;
			children = (
				03F9D8744F41BB6656BC0548 /* PlantCanvasView.swift */,
				0EF0610BD861FAFC7D0B8BAC /* PlantCanvasView+Creatures.swift */,
				02C9CAACD40165797545881B /* PlantDetailView.swift */,
			);
			path = Plant;
			sourceTree = "<group>";
		};
		B0A93EDA1374501382D8D19D /* App */ = {
			isa = PBXGroup;
			children = (
				6508557B446D4860D5EB6AA3 /* AccountDeletionService.swift */,
				3CE05ADE95490B581BF0E81F /* AppState.swift */,
				DE00260B859FD206C3A438CC /* AuthBootstrap.swift */,
				70C6C23C0EC41DA0938B4768 /* AuthBootstrap+Apple.swift */,
				47E19323D36D64065041036E /* DemoContentSeeder.swift */,
				30BC36B799B5853DC4E73D37 /* LiveActivityController.swift */,
				E3617B563D6EF6AC1B695AA8 /* PomodoroSettings.swift */,
				4B56916153B305FE923155CF /* PrivacyPreferences.swift */,
				9FAF053FBD6C500BC8BCDEE6 /* ServerMode.swift */,
				7F54EF78F8D256D0E330D19F /* StudyApp.swift */,
			);
			path = App;
			sourceTree = "<group>";
		};
		B36F92627CA509718DFB862C /* Health */ = {
			isa = PBXGroup;
			children = (
				8789543815F4FA58FE88E2C4 /* HealthService.swift */,
			);
			path = Health;
			sourceTree = "<group>";
		};
		B5BF6196F480C3C8CB609BE6 /* StudyWidgets */ = {
			isa = PBXGroup;
			children = (
				CB6561D6346129E11BE7CBCD /* DDayWidget.swift */,
				7E1D4CBDB645930E6ED090A2 /* PlantWidget.swift */,
				9B0CC04CC021276F1089AE35 /* PrivacyInfo.xcprivacy */,
				385DF70B92652C6650F390FB /* StudyWidgetsBundle.swift */,
				4FE6E7F3E387DFA348992E53 /* TimerLiveActivity.swift */,
				C60EB6809EEE88D440E96CE5 /* TodayStudyTimeWidget.swift */,
				AAF8E4E83AFBA680F7719AD3 /* WidgetDesign.swift */,
			);
			path = StudyWidgets;
			sourceTree = "<group>";
		};
		C223999B8115F2F649B3824E /* Onboarding */ = {
			isa = PBXGroup;
			children = (
				D550F55EECFCBE843A94F5C5 /* AgeOnboardingView.swift */,
			);
			path = Onboarding;
			sourceTree = "<group>";
		};
		C65C906C79B56CC5788776A6 /* Home */ = {
			isa = PBXGroup;
			children = (
				614E5641F035B1DCEEE45303 /* HomeView.swift */,
				9582CA213BE36829B6873972 /* RootView.swift */,
			);
			path = Home;
			sourceTree = "<group>";
		};
		D534798F8113FAE332921D63 = {
			isa = PBXGroup;
			children = (
				7301F8F077B51E0B23AC8D49 /* Packages */,
				5A9D18599EE089557C535849 /* Shared */,
				33D15C2FADA81CE365004FC7 /* StudyApp */,
				B5BF6196F480C3C8CB609BE6 /* StudyWidgets */,
				6725B1537C10B7AD70375B3A /* Products */,
			);
			sourceTree = "<group>";
		};
		DE9B2F4533EB4924B22BA7C7 /* Running */ = {
			isa = PBXGroup;
			children = (
				DC839B81015E086C7FE7891D /* RunningManager.swift */,
				B3E48E36D719EB7894AF2912 /* RunningView.swift */,
				6421806FA804930F6CA1F946 /* RunSummarySheet.swift */,
			);
			path = Running;
			sourceTree = "<group>";
		};
		F3292E9FD15536B186A0C879 /* Models */ = {
			isa = PBXGroup;
			children = (
				0596BEA31E87A76D57A479EF /* ChatMessageModel.swift */,
				1861060885551FBDAC7502C1 /* DailyPageModel.swift */,
				2FADF29E1B756D85F1379436 /* DDayModel.swift */,
				5218B21BDFE80AE71D65DD73 /* FriendProfileModel.swift */,
				A977C8C21C74D0FAAB8AAA6A /* PlannerBlockModel.swift */,
				60D510AA50972A051EF91915 /* PlantModel.swift */,
				2F07E8929989A593D1DEE341 /* RunSessionModel.swift */,
				F41E6DED0CED2F63DA9205B8 /* StudyGroupModel.swift */,
				30289727427D1E37CF4654EC /* StudySessionModel.swift */,
				375FD9FBD81F811E1B76298F /* SubjectModel.swift */,
			);
			path = Models;
			sourceTree = "<group>";
		};
		FBF0F71EF1042AA473C328D2 /* Social */ = {
			isa = PBXGroup;
			children = (
				B60B22CB1A5957915DAECD06 /* FirestoreSyncService.swift */,
				138A37C6FF00ECD2365D3A16 /* FirestoreSyncService+Deletion.swift */,
				7E05A02D6A6098718BE5FEAF /* FirestoreSyncService+Inbound.swift */,
				2B588FF18EC26BF6747EA98C /* FirestoreSyncService+Listeners.swift */,
				71546A9BD6F517AEF115567A /* FirestoreSyncService+Outbound.swift */,
				09AA775DFFF61A6A39DCD190 /* FirestoreSyncService+OutboundSocial.swift */,
				93CDF5EFEA6B90A1B1410661 /* FriendCode.swift */,
				1A7DD7B77974BACB0C08DAEB /* ProfanityFilter.swift */,
				E6E1FC3B63835A7453AFDBCD /* SocialService.swift */,
				4E2DDB0F70634E330916187F /* SocialService+Chat.swift */,
				C887FE09965B4FC0D17B0BFA /* SocialService+Friends.swift */,
				593CCD1432ECFA616B130FCD /* SocialService+Groups.swift */,
			);
			path = Social;
			sourceTree = "<group>";
		};
/* End PBXGroup section */

/* Begin PBXNativeTarget section */
		3F13F2B3A01850E953312923 /* StudyWidgets */ = {
			isa = PBXNativeTarget;
			buildConfigurationList = A5BE85E29F9B77A7402F2145 /* Build configuration list for PBXNativeTarget "StudyWidgets" */;
			buildPhases = (
				589F848A3C93F4CEB55CF6CB /* Sources */,
				77AF0C78D889211EF1E69F00 /* Resources */,
				D20C213A09877B157F9EB0A7 /* Frameworks */,
			);
			buildRules = (
			);
			dependencies = (
			);
			name = StudyWidgets;
			packageProductDependencies = (
				636F2AF272444A51749AD789 /* StudyCore */,
			);
			productName = StudyWidgets;
			productReference = 1952E11BDB17637A6BF8D1A7 /* StudyWidgets.appex */;
			productType = "com.apple.product-type.app-extension";
		};
		D80C35A4C88159C36D4797B4 /* StudyApp */ = {
			isa = PBXNativeTarget;
			buildConfigurationList = 140BE7989312F347881C4931 /* Build configuration list for PBXNativeTarget "StudyApp" */;
			buildPhases = (
				C40442A0737EC6D08A120873 /* Sources */,
				E3AE03D09FF2DD3A8971CBE5 /* Resources */,
				736C67B16EE394017324BBE7 /* Frameworks */,
				1D64B12E1683DBB451CCF3B0 /* Embed Foundation Extensions */,
			);
			buildRules = (
			);
			dependencies = (
				D6D97006CC1D5606513CB417 /* PBXTargetDependency */,
			);
			name = StudyApp;
			packageProductDependencies = (
				6DAF62821D9C62BE3277A3DE /* StudyCore */,
				988B2ADE2CBF691260A4CCDD /* FirebaseAuth */,
				F5F53D337DD3D2223448A012 /* FirebaseFirestore */,
				617A194778370487553915F8 /* GoogleSignIn */,
				B0E199BA53D7C73A3D3F0354 /* GoogleSignInSwift */,
			);
			productName = StudyApp;
			productReference = 0749D30ACF6628AA066DBB9F /* StudyApp.app */;
			productType = "com.apple.product-type.application";
		};
/* End PBXNativeTarget section */

/* Begin PBXProject section */
		D2D41D46A7D8F16092D8E382 /* Project object */ = {
			isa = PBXProject;
			attributes = {
				BuildIndependentTargetsInParallel = YES;
				LastUpgradeCheck = 1430;
				TargetAttributes = {
					3F13F2B3A01850E953312923 = {
						DevelopmentTeam = 7969XVQ86R;
						ProvisioningStyle = Automatic;
					};
					D80C35A4C88159C36D4797B4 = {
						DevelopmentTeam = 7969XVQ86R;
						ProvisioningStyle = Automatic;
					};
				};
			};
			buildConfigurationList = C3C738379C24559DEBF8924F /* Build configuration list for PBXProject "StudyApp" */;
			compatibilityVersion = "Xcode 14.0";
			developmentRegion = ko;
			hasScannedForEncodings = 0;
			knownRegions = (
				Base,
				ko,
			);
			mainGroup = D534798F8113FAE332921D63;
			packageReferences = (
				9DA2BBD34B672FF9E17C630D /* XCRemoteSwiftPackageReference "firebase-ios-sdk" */,
				23F539404CA45A9E8655506F /* XCRemoteSwiftPackageReference "GoogleSignIn-iOS" */,
				16BC295E479D83F9C400925C /* XCLocalSwiftPackageReference "StudyCore" */,
			);
			projectDirPath = "";
			projectRoot = "";
			targets = (
				D80C35A4C88159C36D4797B4 /* StudyApp */,
				3F13F2B3A01850E953312923 /* StudyWidgets */,
			);
		};
/* End PBXProject section */

/* Begin PBXResourcesBuildPhase section */
		77AF0C78D889211EF1E69F00 /* Resources */ = {
			isa = PBXResourcesBuildPhase;
			buildActionMask = 2147483647;
			files = (
				E952D1ACE6C7CB553DDD264E /* PrivacyInfo.xcprivacy in Resources */,
			);
			runOnlyForDeploymentPostprocessing = 0;
		};
		E3AE03D09FF2DD3A8971CBE5 /* Resources */ = {
			isa = PBXResourcesBuildPhase;
			buildActionMask = 2147483647;
			files = (
				353F3CA2BBC58901B1E0FABD /* Assets.xcassets in Resources */,
				6AA9E8F5F02630688A3CFAC4 /* GoogleService-Info.plist in Resources */,
				5B88CF3582CC38752C3289FC /* PrivacyInfo.xcprivacy in Resources */,
			);
			runOnlyForDeploymentPostprocessing = 0;
		};
/* End PBXResourcesBuildPhase section */

/* Begin PBXSourcesBuildPhase section */
		589F848A3C93F4CEB55CF6CB /* Sources */ = {
			isa = PBXSourcesBuildPhase;
			buildActionMask = 2147483647;
			files = (
				408A7EBA207B87DFCDD3C6F2 /* DDayWidget.swift in Sources */,
				8AE089FA3DE065A1C239EDAA /* PlantWidget.swift in Sources */,
				CA54BA75BB73E2B016004CC7 /* StudyWidgetsBundle.swift in Sources */,
				246BED55E4DE7BC822FE97E2 /* TimerActivityAttributes.swift in Sources */,
				8FF0D76BB3013695CC1D05B1 /* TimerLiveActivity.swift in Sources */,
				5EE17FC699578F722345C216 /* TodayStudyTimeWidget.swift in Sources */,
				3F0EBDB488B3C65612836BD7 /* WidgetDesign.swift in Sources */,
			);
			runOnlyForDeploymentPostprocessing = 0;
		};
		C40442A0737EC6D08A120873 /* Sources */ = {
			isa = PBXSourcesBuildPhase;
			buildActionMask = 2147483647;
			files = (
				44460128A900F7AC724C4C03 /* AccountDeletionService.swift in Sources */,
				99384460A3BA27D6F89D46EE /* AccountLinkView.swift in Sources */,
				0395BACFC72B02492A4DF657 /* AgeOnboardingView.swift in Sources */,
				4E648B3B22325E4718C7085B /* AppModelContainer.swift in Sources */,
				E3178E726D79D8858E5BB777 /* AppState.swift in Sources */,
				B7B964AD425FEF0C60543948 /* AudioInterruptionObserver.swift in Sources */,
				C9A9726AD5D348CFC7F04121 /* AuthBootstrap+Apple.swift in Sources */,
				B64710D7B22CA98953DDE61F /* AuthBootstrap.swift in Sources */,
				AEF6E694083F8884B2FD745E /* BackgroundGuardAdapter.swift in Sources */,
				9A0D255724830112E1225753 /* BlockGridView.swift in Sources */,
				1AC5F374B220E0466028A945 /* CallObserver.swift in Sources */,
				6F6F9EA30623EC4AE5E76B30 /* ChatInboxView.swift in Sources */,
				CEF2CC2686A6390D0F356E24 /* ChatMessageModel.swift in Sources */,
				A0370FF28EC8020921D83A9E /* CloudKitService.swift in Sources */,
				2D82D1AE813CF043C961EC96 /* DDayFormView.swift in Sources */,
				D8C1267F723D0A2B51813E54 /* DDayListView.swift in Sources */,
				08A765BC7267755A279EB43D /* DDayModel.swift in Sources */,
				0BA75F2E93B8503906D4CA79 /* DailyPageModel.swift in Sources */,
				849DF23DAF6B7C1520F809EC /* DailyPageView.swift in Sources */,
				CE4B5D0C5994D540ED09FAF4 /* DeleteAccountView.swift in Sources */,
				68F4115CF03F755ECC15A050 /* DemoContentSeeder.swift in Sources */,
				19CE2F61F43C27D141522B51 /* DesignTokens.swift in Sources */,
				0422A44A118BFA637351D1DD /* FirestoreSyncService+Deletion.swift in Sources */,
				DFB2661634411EB943146ACF /* FirestoreSyncService+Inbound.swift in Sources */,
				BC368D9B004375A1E7A48C62 /* FirestoreSyncService+Listeners.swift in Sources */,
				09E55A2B66E47C6831D135FA /* FirestoreSyncService+Outbound.swift in Sources */,
				EFAE0F2974B57C400E17B145 /* FirestoreSyncService+OutboundSocial.swift in Sources */,
				7A4047821075C2621DA8D29E /* FirestoreSyncService.swift in Sources */,
				AD1EF1DDCC35F37F047646E0 /* FocusModeView.swift in Sources */,
				11DBBD20ADB0CC39831E18A6 /* FriendCode.swift in Sources */,
				8C56AF11E1D0745444CC14F3 /* FriendDetailView.swift in Sources */,
				EB6E43E6D04B58C2D1FC4F6A /* FriendProfileModel.swift in Sources */,
				9D44B1B85AB5C12D2EE34D82 /* FriendsView.swift in Sources */,
				65A628F95718999EB2956AA4 /* GroupChatView+Bubble.swift in Sources */,
				16933583A8AEE869ADDDBB04 /* GroupChatView+Share.swift in Sources */,
				C5C2D302E3EA1765CD0124AD /* GroupChatView.swift in Sources */,
				263A346A24A20032E180C5BE /* GroupSheets.swift in Sources */,
				7E092F25704CE633603E2185 /* HapticFeedback.swift in Sources */,
				21FCD00F57DAAF38A097BC0B /* HealthService.swift in Sources */,
				0DAE5828B34A2CD93B32BC82 /* HomeView.swift in Sources */,
				A91BDCEA5EF4CED1C431B95F /* LiveActivityController.swift in Sources */,
				368FA520D58A5C19F480543E /* NotificationsService.swift in Sources */,
				FADCD86D837AC4D8E1A49794 /* OfflineNoticeBanner.swift in Sources */,
				6B8AB6D5C220ABF5B0350D83 /* PersistenceLog.swift in Sources */,
				9034740953B8C34ADBD0DD62 /* PlannerBlockModel.swift in Sources */,
				EFC0B21F768F6C5B27E03844 /* PlannerView.swift in Sources */,
				2476A8816E710E6797A99118 /* PlantCanvasView+Creatures.swift in Sources */,
				49BD1DDFDB5D2442CBB3C13F /* PlantCanvasView.swift in Sources */,
				AC8CF67CB5B0EE729355D5CF /* PlantDetailView.swift in Sources */,
				18148ED458CDAFDCAFC21329 /* PlantModel.swift in Sources */,
				7D83DAEB0A73F28479A5112B /* PlantProgressService.swift in Sources */,
				919C59BD8EA07907D44FA9B5 /* PomodoroDialView.swift in Sources */,
				A0A1FF064DC1DE3910BFEFEE /* PomodoroSettings.swift in Sources */,
				7474706D2C2335FDF87BBC49 /* PomodoroSettingsSheet.swift in Sources */,
				AF65718D9F44EBF78F4A8900 /* PrivacyPreferences.swift in Sources */,
				4FE5E30A68C5E7189EF76C45 /* PrivacySettingsView.swift in Sources */,
				2A7D4052AB04274BDB9325E3 /* ProfanityFilter.swift in Sources */,
				93DFD677138AAFAEA7DBE99F /* ProfileHubView.swift in Sources */,
				66C66111E02DC56ECADA17DC /* RecoveryState.swift in Sources */,
				0AC797DCDE16C41811865E06 /* RootView.swift in Sources */,
				5810C3FAB4D05D53831D2957 /* RunSessionModel.swift in Sources */,
				7F855323FCA5E33483F81AB2 /* RunSummarySheet.swift in Sources */,
				3269788BDD6EAC0FDA2912AB /* RunningManager.swift in Sources */,
				B26765189882F0747135C250 /* RunningView.swift in Sources */,
				2024197DF01D94977B1786D5 /* SceneGeometryObserver.swift in Sources */,
				6162EEEEF377533103D49E3D /* ScreenLockObserver.swift in Sources */,
				AA33D47FF07B302C6558FEC7 /* ServerMode.swift in Sources */,
				3148953B1E546E46AD38AAAC /* SessionPersistence.swift in Sources */,
				F80BD91C3DA518927B6596F2 /* SocialService+Chat.swift in Sources */,
				EB210488471E64673A210603 /* SocialService+Friends.swift in Sources */,
				9F7A27EB864084B763D67B76 /* SocialService+Groups.swift in Sources */,
				949247E60F06560B2B22B429 /* SocialService.swift in Sources */,
				699CB234817BC6ED61628851 /* StatsService.swift in Sources */,
				77DB3D024C4A8DD0AC36186E /* StatsView.swift in Sources */,
				ABD52FDFA91BAF87267A6506 /* StreakService.swift in Sources */,
				31DDDF5CAA3FC459E4622226 /* StudyApp.swift in Sources */,
				DB0261FBCB04D5A9CE17770A /* StudyGroupModel.swift in Sources */,
				40C663158A896CE032AB75EC /* StudySchema.swift in Sources */,
				1D8E5351F227EA495F4F8B11 /* StudySessionModel.swift in Sources */,
				10573B629D22DC02C8AE9930 /* SubjectListView.swift in Sources */,
				A0794AB312EB43CAAFC69B52 /* SubjectModel.swift in Sources */,
				5D7F16F5275F4B19ABAEC2BA /* TimerActivityAttributes.swift in Sources */,
				FD153A4657E65785C50691FC /* TimerStartHubView.swift in Sources */,
				47D33FBE8F357109FCC411CF /* TimerView.swift in Sources */,
				A8FDF15BE50928EA9F36A250 /* WidgetSyncService.swift in Sources */,
			);
			runOnlyForDeploymentPostprocessing = 0;
		};
/* End PBXSourcesBuildPhase section */

/* Begin PBXTargetDependency section */
		D6D97006CC1D5606513CB417 /* PBXTargetDependency */ = {
			isa = PBXTargetDependency;
			target = 3F13F2B3A01850E953312923 /* StudyWidgets */;
			targetProxy = 96D108D25006B3EE704231FB /* PBXContainerItemProxy */;
		};
/* End PBXTargetDependency section */

/* Begin XCBuildConfiguration section */
		15990FA1D5470DB55B349659 /* Debug */ = {
			isa = XCBuildConfiguration;
			buildSettings = {
				ALWAYS_SEARCH_USER_PATHS = NO;
				CLANG_ANALYZER_NONNULL = YES;
				CLANG_ANALYZER_NUMBER_OBJECT_CONVERSION = YES_AGGRESSIVE;
				CLANG_CXX_LANGUAGE_STANDARD = "gnu++14";
				CLANG_CXX_LIBRARY = "libc++";
				CLANG_ENABLE_MODULES = YES;
				CLANG_ENABLE_OBJC_ARC = YES;
				CLANG_ENABLE_OBJC_WEAK = YES;
				CLANG_WARN_BLOCK_CAPTURE_AUTORELEASING = YES;
				CLANG_WARN_BOOL_CONVERSION = YES;
				CLANG_WARN_COMMA = YES;
				CLANG_WARN_CONSTANT_CONVERSION = YES;
				CLANG_WARN_DEPRECATED_OBJC_IMPLEMENTATIONS = YES;
				CLANG_WARN_DIRECT_OBJC_ISA_USAGE = YES_ERROR;
				CLANG_WARN_DOCUMENTATION_COMMENTS = YES;
				CLANG_WARN_EMPTY_BODY = YES;
				CLANG_WARN_ENUM_CONVERSION = YES;
				CLANG_WARN_INFINITE_RECURSION = YES;
				CLANG_WARN_INT_CONVERSION = YES;
				CLANG_WARN_NON_LITERAL_NULL_CONVERSION = YES;
				CLANG_WARN_OBJC_IMPLICIT_RETAIN_SELF = YES;
				CLANG_WARN_OBJC_LITERAL_CONVERSION = YES;
				CLANG_WARN_OBJC_ROOT_CLASS = YES_ERROR;
				CLANG_WARN_QUOTED_INCLUDE_IN_FRAMEWORK_HEADER = YES;
				CLANG_WARN_RANGE_LOOP_ANALYSIS = YES;
				CLANG_WARN_STRICT_PROTOTYPES = YES;
				CLANG_WARN_SUSPICIOUS_MOVE = YES;
				CLANG_WARN_UNGUARDED_AVAILABILITY = YES_AGGRESSIVE;
				CLANG_WARN_UNREACHABLE_CODE = YES;
				CLANG_WARN__DUPLICATE_METHOD_MATCH = YES;
				COPY_PHASE_STRIP = NO;
				DEBUG_INFORMATION_FORMAT = dwarf;
				ENABLE_STRICT_OBJC_MSGSEND = YES;
				ENABLE_TESTABILITY = YES;
				GCC_C_LANGUAGE_STANDARD = gnu11;
				GCC_DYNAMIC_NO_PIC = NO;
				GCC_NO_COMMON_BLOCKS = YES;
				GCC_OPTIMIZATION_LEVEL = 0;
				GCC_PREPROCESSOR_DEFINITIONS = (
					"$(inherited)",
					"DEBUG=1",
				);
				GCC_WARN_64_TO_32_BIT_CONVERSION = YES;
				GCC_WARN_ABOUT_RETURN_TYPE = YES_ERROR;
				GCC_WARN_UNDECLARED_SELECTOR = YES;
				GCC_WARN_UNINITIALIZED_AUTOS = YES_AGGRESSIVE;
				GCC_WARN_UNUSED_FUNCTION = YES;
				GCC_WARN_UNUSED_VARIABLE = YES;
				IPHONEOS_DEPLOYMENT_TARGET = 17.0;
				MTL_ENABLE_DEBUG_INFO = INCLUDE_SOURCE;
				MTL_FAST_MATH = YES;
				ONLY_ACTIVE_ARCH = YES;
				PRODUCT_NAME = "$(TARGET_NAME)";
				SDKROOT = iphoneos;
				SWIFT_ACTIVE_COMPILATION_CONDITIONS = DEBUG;
				SWIFT_OPTIMIZATION_LEVEL = "-Onone";
				SWIFT_VERSION = 5.0;
			};
			name = Debug;
		};
		2BD3977187E22C005824D929 /* Release */ = {
			isa = XCBuildConfiguration;
			buildSettings = {
				ASSETCATALOG_COMPILER_APPICON_NAME = AppIcon;
				ASSETCATALOG_COMPILER_GLOBAL_ACCENT_COLOR_NAME = AccentColor;
				"CODE_SIGNING_ALLOWED[sdk=iphonesimulator*]" = YES;
				CODE_SIGN_ENTITLEMENTS = StudyApp/StudyApp.entitlements;
				CODE_SIGN_IDENTITY = "Apple Development";
				"CODE_SIGN_IDENTITY[sdk=iphonesimulator*]" = "-";
				CODE_SIGN_STYLE = Automatic;
				CURRENT_PROJECT_VERSION = 3;
				DEVELOPMENT_TEAM = 7969XVQ86R;
				ENABLE_USER_SCRIPT_SANDBOXING = YES;
				GENERATE_INFOPLIST_FILE = NO;
				INFOPLIST_FILE = StudyApp/Info.plist;
				IPHONEOS_DEPLOYMENT_TARGET = 17.0;
				LD_RUNPATH_SEARCH_PATHS = (
					"$(inherited)",
					"@executable_path/Frameworks",
				);
				MARKETING_VERSION = 1.0;
				PRODUCT_BUNDLE_IDENTIFIER = co.autopus.study;
				SDKROOT = iphoneos;
				SUPPORTS_MACCATALYST = NO;
				SUPPORTS_MAC_DESIGNED_FOR_IPHONE_IPAD = NO;
				SWIFT_EMIT_LOC_STRINGS = YES;
				TARGETED_DEVICE_FAMILY = 1;
			};
			name = Release;
		};
		390E62EF2C433BDAFA8AB507 /* Debug */ = {
			isa = XCBuildConfiguration;
			buildSettings = {
				"CODE_SIGNING_ALLOWED[sdk=iphonesimulator*]" = YES;
				CODE_SIGN_ENTITLEMENTS = StudyWidgets/StudyWidgets.entitlements;
				CODE_SIGN_IDENTITY = "Apple Development";
				"CODE_SIGN_IDENTITY[sdk=iphonesimulator*]" = "-";
				CODE_SIGN_STYLE = Automatic;
				CURRENT_PROJECT_VERSION = 3;
				DEVELOPMENT_TEAM = 7969XVQ86R;
				GENERATE_INFOPLIST_FILE = NO;
				INFOPLIST_FILE = StudyWidgets/Info.plist;
				IPHONEOS_DEPLOYMENT_TARGET = 17.0;
				LD_RUNPATH_SEARCH_PATHS = (
					"$(inherited)",
					"@executable_path/Frameworks",
					"@executable_path/../../Frameworks",
				);
				MARKETING_VERSION = 1.0;
				PRODUCT_BUNDLE_IDENTIFIER = co.autopus.study.widgets;
				SDKROOT = iphoneos;
				SKIP_INSTALL = YES;
				TARGETED_DEVICE_FAMILY = 1;
			};
			name = Debug;
		};
		6012F615F4CD25E35D503B37 /* Release */ = {
			isa = XCBuildConfiguration;
			buildSettings = {
				"CODE_SIGNING_ALLOWED[sdk=iphonesimulator*]" = YES;
				CODE_SIGN_ENTITLEMENTS = StudyWidgets/StudyWidgets.entitlements;
				CODE_SIGN_IDENTITY = "Apple Development";
				"CODE_SIGN_IDENTITY[sdk=iphonesimulator*]" = "-";
				CODE_SIGN_STYLE = Automatic;
				CURRENT_PROJECT_VERSION = 3;
				DEVELOPMENT_TEAM = 7969XVQ86R;
				GENERATE_INFOPLIST_FILE = NO;
				INFOPLIST_FILE = StudyWidgets/Info.plist;
				IPHONEOS_DEPLOYMENT_TARGET = 17.0;
				LD_RUNPATH_SEARCH_PATHS = (
					"$(inherited)",
					"@executable_path/Frameworks",
					"@executable_path/../../Frameworks",
				);
				MARKETING_VERSION = 1.0;
				PRODUCT_BUNDLE_IDENTIFIER = co.autopus.study.widgets;
				SDKROOT = iphoneos;
				SKIP_INSTALL = YES;
				TARGETED_DEVICE_FAMILY = 1;
			};
			name = Release;
		};
		723119C1BD287DA8484591BC /* Release */ = {
			isa = XCBuildConfiguration;
			buildSettings = {
				ALWAYS_SEARCH_USER_PATHS = NO;
				CLANG_ANALYZER_NONNULL = YES;
				CLANG_ANALYZER_NUMBER_OBJECT_CONVERSION = YES_AGGRESSIVE;
				CLANG_CXX_LANGUAGE_STANDARD = "gnu++14";
				CLANG_CXX_LIBRARY = "libc++";
				CLANG_ENABLE_MODULES = YES;
				CLANG_ENABLE_OBJC_ARC = YES;
				CLANG_ENABLE_OBJC_WEAK = YES;
				CLANG_WARN_BLOCK_CAPTURE_AUTORELEASING = YES;
				CLANG_WARN_BOOL_CONVERSION = YES;
				CLANG_WARN_COMMA = YES;
				CLANG_WARN_CONSTANT_CONVERSION = YES;
				CLANG_WARN_DEPRECATED_OBJC_IMPLEMENTATIONS = YES;
				CLANG_WARN_DIRECT_OBJC_ISA_USAGE = YES_ERROR;
				CLANG_WARN_DOCUMENTATION_COMMENTS = YES;
				CLANG_WARN_EMPTY_BODY = YES;
				CLANG_WARN_ENUM_CONVERSION = YES;
				CLANG_WARN_INFINITE_RECURSION = YES;
				CLANG_WARN_INT_CONVERSION = YES;
				CLANG_WARN_NON_LITERAL_NULL_CONVERSION = YES;
				CLANG_WARN_OBJC_IMPLICIT_RETAIN_SELF = YES;
				CLANG_WARN_OBJC_LITERAL_CONVERSION = YES;
				CLANG_WARN_OBJC_ROOT_CLASS = YES_ERROR;
				CLANG_WARN_QUOTED_INCLUDE_IN_FRAMEWORK_HEADER = YES;
				CLANG_WARN_RANGE_LOOP_ANALYSIS = YES;
				CLANG_WARN_STRICT_PROTOTYPES = YES;
				CLANG_WARN_SUSPICIOUS_MOVE = YES;
				CLANG_WARN_UNGUARDED_AVAILABILITY = YES_AGGRESSIVE;
				CLANG_WARN_UNREACHABLE_CODE = YES;
				CLANG_WARN__DUPLICATE_METHOD_MATCH = YES;
				COPY_PHASE_STRIP = NO;
				DEBUG_INFORMATION_FORMAT = "dwarf-with-dsym";
				ENABLE_NS_ASSERTIONS = NO;
				ENABLE_STRICT_OBJC_MSGSEND = YES;
				GCC_C_LANGUAGE_STANDARD = gnu11;
				GCC_NO_COMMON_BLOCKS = YES;
				GCC_WARN_64_TO_32_BIT_CONVERSION = YES;
				GCC_WARN_ABOUT_RETURN_TYPE = YES_ERROR;
				GCC_WARN_UNDECLARED_SELECTOR = YES;
				GCC_WARN_UNINITIALIZED_AUTOS = YES_AGGRESSIVE;
				GCC_WARN_UNUSED_FUNCTION = YES;
				GCC_WARN_UNUSED_VARIABLE = YES;
				IPHONEOS_DEPLOYMENT_TARGET = 17.0;
				MTL_ENABLE_DEBUG_INFO = NO;
				MTL_FAST_MATH = YES;
				PRODUCT_NAME = "$(TARGET_NAME)";
				SDKROOT = iphoneos;
				SWIFT_COMPILATION_MODE = wholemodule;
				SWIFT_OPTIMIZATION_LEVEL = "-O";
				SWIFT_VERSION = 5.0;
			};
			name = Release;
		};
		A40052000A936F77AEECA396 /* Debug */ = {
			isa = XCBuildConfiguration;
			buildSettings = {
				ASSETCATALOG_COMPILER_APPICON_NAME = AppIcon;
				ASSETCATALOG_COMPILER_GLOBAL_ACCENT_COLOR_NAME = AccentColor;
				"CODE_SIGNING_ALLOWED[sdk=iphonesimulator*]" = YES;
				CODE_SIGN_ENTITLEMENTS = StudyApp/StudyApp.entitlements;
				CODE_SIGN_IDENTITY = "Apple Development";
				"CODE_SIGN_IDENTITY[sdk=iphonesimulator*]" = "-";
				CODE_SIGN_STYLE = Automatic;
				CURRENT_PROJECT_VERSION = 3;
				DEVELOPMENT_TEAM = 7969XVQ86R;
				ENABLE_USER_SCRIPT_SANDBOXING = YES;
				GENERATE_INFOPLIST_FILE = NO;
				INFOPLIST_FILE = StudyApp/Info.plist;
				IPHONEOS_DEPLOYMENT_TARGET = 17.0;
				LD_RUNPATH_SEARCH_PATHS = (
					"$(inherited)",
					"@executable_path/Frameworks",
				);
				MARKETING_VERSION = 1.0;
				PRODUCT_BUNDLE_IDENTIFIER = co.autopus.study;
				SDKROOT = iphoneos;
				SUPPORTS_MACCATALYST = NO;
				SUPPORTS_MAC_DESIGNED_FOR_IPHONE_IPAD = NO;
				SWIFT_EMIT_LOC_STRINGS = YES;
				TARGETED_DEVICE_FAMILY = 1;
			};
			name = Debug;
		};
/* End XCBuildConfiguration section */

/* Begin XCConfigurationList section */
		140BE7989312F347881C4931 /* Build configuration list for PBXNativeTarget "StudyApp" */ = {
			isa = XCConfigurationList;
			buildConfigurations = (
				A40052000A936F77AEECA396 /* Debug */,
				2BD3977187E22C005824D929 /* Release */,
			);
			defaultConfigurationIsVisible = 0;
			defaultConfigurationName = Debug;
		};
		A5BE85E29F9B77A7402F2145 /* Build configuration list for PBXNativeTarget "StudyWidgets" */ = {
			isa = XCConfigurationList;
			buildConfigurations = (
				390E62EF2C433BDAFA8AB507 /* Debug */,
				6012F615F4CD25E35D503B37 /* Release */,
			);
			defaultConfigurationIsVisible = 0;
			defaultConfigurationName = Debug;
		};
		C3C738379C24559DEBF8924F /* Build configuration list for PBXProject "StudyApp" */ = {
			isa = XCConfigurationList;
			buildConfigurations = (
				15990FA1D5470DB55B349659 /* Debug */,
				723119C1BD287DA8484591BC /* Release */,
			);
			defaultConfigurationIsVisible = 0;
			defaultConfigurationName = Debug;
		};
/* End XCConfigurationList section */

/* Begin XCRemoteSwiftPackageReference section */
		23F539404CA45A9E8655506F /* XCRemoteSwiftPackageReference "GoogleSignIn-iOS" */ = {
			isa = XCRemoteSwiftPackageReference;
			repositoryURL = "https://github.com/google/GoogleSignIn-iOS";
			requirement = {
				kind = upToNextMajorVersion;
				minimumVersion = 7.0.0;
			};
		};
		9DA2BBD34B672FF9E17C630D /* XCRemoteSwiftPackageReference "firebase-ios-sdk" */ = {
			isa = XCRemoteSwiftPackageReference;
			repositoryURL = "https://github.com/firebase/firebase-ios-sdk";
			requirement = {
				kind = upToNextMajorVersion;
				minimumVersion = 11.0.0;
			};
		};
/* End XCRemoteSwiftPackageReference section */

/* Begin XCLocalSwiftPackageReference section */
		16BC295E479D83F9C400925C /* XCLocalSwiftPackageReference "StudyCore" */ = {
			isa = XCLocalSwiftPackageReference;
			relativePath = StudyCore;
		};
/* End XCLocalSwiftPackageReference section */

/* Begin XCSwiftPackageProductDependency section */
		617A194778370487553915F8 /* GoogleSignIn */ = {
			isa = XCSwiftPackageProductDependency;
			package = 23F539404CA45A9E8655506F /* XCRemoteSwiftPackageReference "GoogleSignIn-iOS" */;
			productName = GoogleSignIn;
		};
		636F2AF272444A51749AD789 /* StudyCore */ = {
			isa = XCSwiftPackageProductDependency;
			productName = StudyCore;
		};
		6DAF62821D9C62BE3277A3DE /* StudyCore */ = {
			isa = XCSwiftPackageProductDependency;
			productName = StudyCore;
		};
		988B2ADE2CBF691260A4CCDD /* FirebaseAuth */ = {
			isa = XCSwiftPackageProductDependency;
			package = 9DA2BBD34B672FF9E17C630D /* XCRemoteSwiftPackageReference "firebase-ios-sdk" */;
			productName = FirebaseAuth;
		};
		B0E199BA53D7C73A3D3F0354 /* GoogleSignInSwift */ = {
			isa = XCSwiftPackageProductDependency;
			package = 23F539404CA45A9E8655506F /* XCRemoteSwiftPackageReference "GoogleSignIn-iOS" */;
			productName = GoogleSignInSwift;
		};
		F5F53D337DD3D2223448A012 /* FirebaseFirestore */ = {
			isa = XCSwiftPackageProductDependency;
			package = 9DA2BBD34B672FF9E17C630D /* XCRemoteSwiftPackageReference "firebase-ios-sdk" */;
			productName = FirebaseFirestore;
		};
/* End XCSwiftPackageProductDependency section */
	};
	rootObject = D2D41D46A7D8F16092D8E382 /* Project object */;
}
